
Microsoft Visual Studio Solution File, Format Version 12.00
# Visual Studio Version 16
VisualStudioVersion = 16.0.30621.155
MinimumVisualStudioVersion = 10.0.40219.1
Project("{FAE04EC0-301F-11D3-BF4B-00C04F79EFBC}") = "WPF_Practice", "WPF_Practice\WPF_Practice.csproj", "{95620E51-5CC6-4664-A41D-A0A0F93D9FCB}"
EndProject
Global
	GlobalSection(SolutionConfigurationPlatforms) = preSolution
		Debug|Any CPU = Debug|Any CPU
		Release|Any CPU = Release|Any CPU
	EndGlobalSection
	GlobalSection(ProjectConfigurationPlatforms) = postSolution
		{95620E51-5CC6-4664-A41D-A0A0F93D9FCB}.Debug|Any CPU.ActiveCfg = Debug|Any CPU
		{95620E51-5CC6-4664-A41D-A0A0F93D9FCB}.Debug|Any CPU.Build.0 = Debug|Any CPU
		{95620E51-5CC6-4664-A41D-A0A0F93D9FCB}.Release|Any CPU.ActiveCfg = Release|Any CPU
		{95620E51-5CC6-4664-A41D-A0A0F93D9FCB}.Release|Any CPU.Build.0 = Release|Any CPU
	EndGlobalSection
	GlobalSection(SolutionProperties) = preSolution
		HideSolutionNode = FALSE
	EndGlobalSection
	GlobalSection(ExtensibilityGlobals) = postSolution
		SolutionGuid = {28E4D972-1367-4EA5-8E22-B900932B5338}
	EndGlobalSection
EndGlobal
